
Microsoft Visual Studio Solution File, Format Version 12.00
# Visual Studio Version 16
VisualStudioVersion = 16.0.30204.135
MinimumVisualStudioVersion = 10.0.40219.1
Project("{FAE04EC0-301F-11D3-BF4B-00C04F79EFBC}") = "Backend", "Backend\Backend.csproj", "{DE43A13E-0D56-4CD5-9598-843DAD05273C}"
EndProject
Global
	GlobalSection(SolutionConfigurationPlatforms) = preSolution
		Debug|Any CPU = Debug|Any CPU
		Release|Any CPU = Release|Any CPU
	EndGlobalSection
	GlobalSection(ProjectConfigurationPlatforms) = postSolution
		{DE43A13E-0D56-4CD5-9598-843DAD05273C}.Debug|Any CPU.ActiveCfg = Debug|Any CPU
		{DE43A13E-0D56-4CD5-9598-843DAD05273C}.Debug|Any CPU.Build.0 = Debug|Any CPU
		{DE43A13E-0D56-4CD5-9598-843DAD05273C}.Release|Any CPU.ActiveCfg = Release|Any CPU
		{DE43A13E-0D56-4CD5-9598-843DAD05273C}.Release|Any CPU.Build.0 = Release|Any CPU
	EndGlobalSection
	GlobalSection(SolutionProperties) = preSolution
		HideSolutionNode = FALSE
	EndGlobalSection
	GlobalSection(ExtensibilityGlobals) = postSolution
		SolutionGuid = {9332A837-6B24-4B1C-BD58-B83F81AE0CF2}
	EndGlobalSection
EndGlobal
